
Microsoft Visual Studio Solution File, Format Version 12.00
# Visual Studio Version 16
VisualStudioVersion = 16.0.29806.167
MinimumVisualStudioVersion = 10.0.40219.1
Project("{FAE04EC0-301F-11D3-BF4B-00C04F79EFBC}") = "Lab2Csharp", "Lab2Csharp\Lab2Csharp.csproj", "{BFE76A25-C54A-4D90-AA0B-7BD3088CBE01}"
EndProject
Global
	GlobalSection(SolutionConfigurationPlatforms) = preSolution
		Debug|Any CPU = Debug|Any CPU
		Release|Any CPU = Release|Any CPU
	EndGlobalSection
	GlobalSection(ProjectConfigurationPlatforms) = postSolution
		{BFE76A25-C54A-4D90-AA0B-7BD3088CBE01}.Debug|Any CPU.ActiveCfg = Debug|Any CPU
		{BFE76A25-C54A-4D90-AA0B-7BD3088CBE01}.Debug|Any CPU.Build.0 = Debug|Any CPU
		{BFE76A25-C54A-4D90-AA0B-7BD3088CBE01}.Release|Any CPU.ActiveCfg = Release|Any CPU
		{BFE76A25-C54A-4D90-AA0B-7BD3088CBE01}.Release|Any CPU.Build.0 = Release|Any CPU
	EndGlobalSection
	GlobalSection(SolutionProperties) = preSolution
		HideSolutionNode = FALSE
	EndGlobalSection
	GlobalSection(ExtensibilityGlobals) = postSolution
		SolutionGuid = {7C15244B-9471-4A7E-8CE9-458E03B23E51}
	EndGlobalSection
EndGlobal
